// !$*UTF8*$!
{
	archiveVersion = 1;
	classes = {
	};
	objectVersion = 50;
	objects = {

/* Begin PBXBuildFile section */
		D6EB3E2621E73A7F0039F0B3 /* AppDelegate.swift in Sources */ = {isa = PBXBuildFile; fileRef = D6EB3E2521E73A7F0039F0B3 /* AppDelegate.swift */; };
		D6EB3E2821E73A7F0039F0B3 /* ViewController.swift in Sources */ = {isa = PBXBuildFile; fileRef = D6EB3E2721E73A7F0039F0B3 /* ViewController.swift */; };
		D6EB3E2B21E73A7F0039F0B3 /* Main.storyboard in Resources */ = {isa = PBXBuildFile; fileRef = D6EB3E2921E73A7F0039F0B3 /* Main.storyboard */; };
		D6EB3E2E21E73A7F0039F0B3 /* SelfSizingFoLabel.xcdatamodeld in Sources */ = {isa = PBXBuildFile; fileRef = D6EB3E2C21E73A7F0039F0B3 /* SelfSizingFoLabel.xcdatamodeld */; };
		D6EB3E3021E73A890039F0B3 /* Assets.xcassets in Resources */ = {isa = PBXBuildFile; fileRef = D6EB3E2F21E73A890039F0B3 /* Assets.xcassets */; };
		D6EB3E3321E73A890039F0B3 /* LaunchScreen.storyboard in Resources */ = {isa = PBXBuildFile; fileRef = D6EB3E3121E73A890039F0B3 /* LaunchScreen.storyboard */; };
		D6EB3E3E21E73A890039F0B3 /* SelfSizingFoLabelTests.swift in Sources */ = {isa = PBXBuildFile; fileRef = D6EB3E3D21E73A890039F0B3 /* SelfSizingFoLabelTests.swift */; };
		D6EB3E4921E73A890039F0B3 /* SelfSizingFoLabelUITests.swift in Sources */ = {isa = PBXBuildFile; fileRef = D6EB3E4821E73A890039F0B3 /* SelfSizingFoLabelUITests.swift */; };
/* End PBXBuildFile section */

/* Begin PBXContainerItemProxy section */
		D6EB3E3A21E73A890039F0B3 /* PBXContainerItemProxy */ = {
			isa = PBXContainerItemProxy;
			containerPortal = D6EB3E1A21E73A7F0039F0B3 /* Project object */;
			proxyType = 1;
			remoteGlobalIDString = D6EB3E2121E73A7F0039F0B3;
			remoteInfo = SelfSizingFoLabel;
		};
		D6EB3E4521E73A890039F0B3 /* PBXContainerItemProxy */ = {
			isa = PBXContainerItemProxy;
			containerPortal = D6EB3E1A21E73A7F0039F0B3 /* Project object */;
			proxyType = 1;
			remoteGlobalIDString = D6EB3E2121E73A7F0039F0B3;
			remoteInfo = SelfSizingFoLabel;
		};
/* End PBXContainerItemProxy section */

/* Begin PBXFileReference section */
		D6EB3E2221E73A7F0039F0B3 /* SelfSizingFoLabel.app */ = {isa = PBXFileReference; explicitFileType = wrapper.application; includeInIndex = 0; path = SelfSizingFoLabel.app; sourceTree = BUILT_PRODUCTS_DIR; };
		D6EB3E2521E73A7F0039F0B3 /* AppDelegate.swift */ = {isa = PBXFileReference; lastKnownFileType = sourcecode.swift; path = AppDelegate.swift; sourceTree = "<group>"; };
		D6EB3E2721E73A7F0039F0B3 /* ViewController.swift */ = {isa = PBXFileReference; lastKnownFileType = sourcecode.swift; path = ViewController.swift; sourceTree = "<group>"; };
		D6EB3E2A21E73A7F0039F0B3 /* Base */ = {isa = PBXFileReference; lastKnownFileType = file.storyboard; name = Base; path = Base.lproj/Main.storyboard; sourceTree = "<group>"; };
		D6EB3E2D21E73A7F0039F0B3 /* SelfSizingFoLabel.xcdatamodel */ = {isa = PBXFileReference; lastKnownFileType = wrapper.xcdatamodel; path = SelfSizingFoLabel.xcdatamodel; sourceTree = "<group>"; };
		D6EB3E2F21E73A890039F0B3 /* Assets.xcassets */ = {isa = PBXFileReference; lastKnownFileType = folder.assetcatalog; path = Assets.xcassets; sourceTree = "<group>"; };
		D6EB3E3221E73A890039F0B3 /* Base */ = {isa = PBXFileReference; lastKnownFileType = file.storyboard; name = Base; path = Base.lproj/LaunchScreen.storyboard; sourceTree = "<group>"; };
		D6EB3E3421E73A890039F0B3 /* Info.plist */ = {isa = PBXFileReference; lastKnownFileType = text.plist.xml; path = Info.plist; sourceTree = "<group>"; };
		D6EB3E3921E73A890039F0B3 /* SelfSizingFoLabelTests.xctest */ = {isa = PBXFileReference; explicitFileType = wrapper.cfbundle; includeInIndex = 0; path = SelfSizingFoLabelTests.xctest; sourceTree = BUILT_PRODUCTS_DIR; };
		D6EB3E3D21E73A890039F0B3 /* SelfSizingFoLabelTests.swift */ = {isa = PBXFileReference; lastKnownFileType = sourcecode.swift; path = SelfSizingFoLabelTests.swift; sourceTree = "<group>"; };
		D6EB3E3F21E73A890039F0B3 /* Info.plist */ = {isa = PBXFileReference; lastKnownFileType = text.plist.xml; path = Info.plist; sourceTree = "<group>"; };
		D6EB3E4421E73A890039F0B3 /* SelfSizingFoLabelUITests.xctest */ = {isa = PBXFileReference; explicitFileType = wrapper.cfbundle; includeInIndex = 0; path = SelfSizingFoLabelUITests.xctest; sourceTree = BUILT_PRODUCTS_DIR; };
		D6EB3E4821E73A890039F0B3 /* SelfSizingFoLabelUITests.swift */ = {isa = PBXFileReference; lastKnownFileType = sourcecode.swift; path = SelfSizingFoLabelUITests.swift; sourceTree = "<group>"; };
		D6EB3E4A21E73A890039F0B3 /* Info.plist */ = {isa = PBXFileReference; lastKnownFileType = text.plist.xml; path = Info.plist; sourceTree = "<group>"; };
/* End PBXFileReference section */

/* Begin PBXFrameworksBuildPhase section */
		D6EB3E1F21E73A7F0039F0B3 /* Frameworks */ = {
			isa = PBXFrameworksBuildPhase;
			buildActionMask = 2147483647;
			files = (
			);
			runOnlyForDeploymentPostprocessing = 0;
		};
		D6EB3E3621E73A890039F0B3 /* Frameworks */ = {
			isa = PBXFrameworksBuildPhase;
			buildActionMask = 2147483647;
			files = (
			);
			runOnlyForDeploymentPostprocessing = 0;
		};
		D6EB3E4121E73A890039F0B3 /* Frameworks */ = {
			isa = PBXFrameworksBuildPhase;
			buildActionMask = 2147483647;
			files = (
			);
			runOnlyForDeploymentPostprocessing = 0;
		};
/* End PBXFrameworksBuildPhase section */

/* Begin PBXGroup section */
		D6EB3E1921E73A7F0039F0B3 = {
			isa = PBXGroup;
			children = (
				D6EB3E2421E73A7F0039F0B3 /* SelfSizingFoLabel */,
				D6EB3E3C21E73A890039F0B3 /* SelfSizingFoLabelTests */,
				D6EB3E4721E73A890039F0B3 /* SelfSizingFoLabelUITests */,
				D6EB3E2321E73A7F0039F0B3 /* Products */,
			);
			sourceTree = "<group>";
		};
		D6EB3E2321E73A7F0039F0B3 /* Products */ = {
			isa = PBXGroup;
			children = (
				D6EB3E2221E73A7F0039F0B3 /* SelfSizingFoLabel.app */,
				D6EB3E3921E73A890039F0B3 /* SelfSizingFoLabelTests.xctest */,
				D6EB3E4421E73A890039F0B3 /* SelfSizingFoLabelUITests.xctest */,
			);
			name = Products;
			sourceTree = "<group>";
		};
		D6EB3E2421E73A7F0039F0B3 /* SelfSizingFoLabel */ = {
			isa = PBXGroup;
			children = (
				D6EB3E2521E73A7F0039F0B3 /* AppDelegate.swift */,
				D6EB3E2721E73A7F0039F0B3 /* ViewController.swift */,
				D6EB3E2921E73A7F0039F0B3 /* Main.storyboard */,
				D6EB3E2F21E73A890039F0B3 /* Assets.xcassets */,
				D6EB3E3121E73A890039F0B3 /* LaunchScreen.storyboard */,
				D6EB3E3421E73A890039F0B3 /* Info.plist */,
				D6EB3E2C21E73A7F0039F0B3 /* SelfSizingFoLabel.xcdatamodeld */,
			);
			path = SelfSizingFoLabel;
			sourceTree = "<group>";
		};
		D6EB3E3C21E73A890039F0B3 /* SelfSizingFoLabelTests */ = {
			isa = PBXGroup;
			children = (
				D6EB3E3D21E73A890039F0B3 /* SelfSizingFoLabelTests.swift */,
				D6EB3E3F21E73A890039F0B3 /* Info.plist */,
			);
			path = SelfSizingFoLabelTests;
			sourceTree = "<group>";
		};
		D6EB3E4721E73A890039F0B3 /* SelfSizingFoLabelUITests */ = {
			isa = PBXGroup;
			children = (
				D6EB3E4821E73A890039F0B3 /* SelfSizingFoLabelUITests.swift */,
				D6EB3E4A21E73A890039F0B3 /* Info.plist */,
			);
			path = SelfSizingFoLabelUITests;
			sourceTree = "<group>";
		};
/* End PBXGroup section */

/* Begin PBXNativeTarget section */
		D6EB3E2121E73A7F0039F0B3 /* SelfSizingFoLabel */ = {
			isa = PBXNativeTarget;
			buildConfigurationList = D6EB3E4D21E73A890039F0B3 /* Build configuration list for PBXNativeTarget "SelfSizingFoLabel" */;
			buildPhases = (
				D6EB3E1E21E73A7F0039F0B3 /* Sources */,
				D6EB3E1F21E73A7F0039F0B3 /* Frameworks */,
				D6EB3E2021E73A7F0039F0B3 /* Resources */,
			);
			buildRules = (
			);
			dependencies = (
			);
			name = SelfSizingFoLabel;
			productName = SelfSizingFoLabel;
			productReference = D6EB3E2221E73A7F0039F0B3 /* SelfSizingFoLabel.app */;
			productType = "com.apple.product-type.application";
		};
		D6EB3E3821E73A890039F0B3 /* SelfSizingFoLabelTests */ = {
			isa = PBXNativeTarget;
			buildConfigurationList = D6EB3E5021E73A890039F0B3 /* Build configuration list for PBXNativeTarget "SelfSizingFoLabelTests" */;
			buildPhases = (
				D6EB3E3521E73A890039F0B3 /* Sources */,
				D6EB3E3621E73A890039F0B3 /* Frameworks */,
				D6EB3E3721E73A890039F0B3 /* Resources */,
			);
			buildRules = (
			);
			dependencies = (
				D6EB3E3B21E73A890039F0B3 /* PBXTargetDependency */,
			);
			name = SelfSizingFoLabelTests;
			productName = SelfSizingFoLabelTests;
			productReference = D6EB3E3921E73A890039F0B3 /* SelfSizingFoLabelTests.xctest */;
			productType = "com.apple.product-type.bundle.unit-test";
		};
		D6EB3E4321E73A890039F0B3 /* SelfSizingFoLabelUITests */ = {
			isa = PBXNativeTarget;
			buildConfigurationList = D6EB3E5321E73A890039F0B3 /* Build configuration list for PBXNativeTarget "SelfSizingFoLabelUITests" */;
			buildPhases = (
				D6EB3E4021E73A890039F0B3 /* Sources */,
				D6EB3E4121E73A890039F0B3 /* Frameworks */,
				D6EB3E4221E73A890039F0B3 /* Resources */,
			);
			buildRules = (
			);
			dependencies = (
				D6EB3E4621E73A890039F0B3 /* PBXTargetDependency */,
			);
			name = SelfSizingFoLabelUITests;
			productName = SelfSizingFoLabelUITests;
			productReference = D6EB3E4421E73A890039F0B3 /* SelfSizingFoLabelUITests.xctest */;
			productType = "com.apple.product-type.bundle.ui-testing";
		};
/* End PBXNativeTarget section */

/* Begin PBXProject section */
		D6EB3E1A21E73A7F0039F0B3 /* Project object */ = {
			isa = PBXProject;
			attributes = {
				LastSwiftUpdateCheck = 1010;
				LastUpgradeCheck = 1010;
				ORGANIZATIONNAME = "LetMeCall Corp";
				TargetAttributes = {
					D6EB3E2121E73A7F0039F0B3 = {
						CreatedOnToolsVersion = 10.1;
					};
					D6EB3E3821E73A890039F0B3 = {
						CreatedOnToolsVersion = 10.1;
						TestTargetID = D6EB3E2121E73A7F0039F0B3;
					};
					D6EB3E4321E73A890039F0B3 = {
						CreatedOnToolsVersion = 10.1;
						TestTargetID = D6EB3E2121E73A7F0039F0B3;
					};
				};
			};
			buildConfigurationList = D6EB3E1D21E73A7F0039F0B3 /* Build configuration list for PBXProject "SelfSizingFoLabel" */;
			compatibilityVersion = "Xcode 9.3";
			developmentRegion = en;
			hasScannedForEncodings = 0;
			knownRegions = (
				en,
				Base,
			);
			mainGroup = D6EB3E1921E73A7F0039F0B3;
			productRefGroup = D6EB3E2321E73A7F0039F0B3 /* Products */;
			projectDirPath = "";
			projectRoot = "";
			targets = (
				D6EB3E2121E73A7F0039F0B3 /* SelfSizingFoLabel */,
				D6EB3E3821E73A890039F0B3 /* SelfSizingFoLabelTests */,
				D6EB3E4321E73A890039F0B3 /* SelfSizingFoLabelUITests */,
			);
		};
/* End PBXProject section */

/* Begin PBXResourcesBuildPhase section */
		D6EB3E2021E73A7F0039F0B3 /* Resources */ = {
			isa = PBXResourcesBuildPhase;
			buildActionMask = 2147483647;
			files = (
				D6EB3E3321E73A890039F0B3 /* LaunchScreen.storyboard in Resources */,
				D6EB3E3021E73A890039F0B3 /* Assets.xcassets in Resources */,
				D6EB3E2B21E73A7F0039F0B3 /* Main.storyboard in Resources */,
			);
			runOnlyForDeploymentPostprocessing = 0;
		};
		D6EB3E3721E73A890039F0B3 /* Resources */ = {
			isa = PBXResourcesBuildPhase;
			buildActionMask = 2147483647;
			files = (
			);
			runOnlyForDeploymentPostprocessing = 0;
		};
		D6EB3E4221E73A890039F0B3 /* Resources */ = {
			isa = PBXResourcesBuildPhase;
			buildActionMask = 2147483647;
			files = (
			);
			runOnlyForDeploymentPostprocessing = 0;
		};
/* End PBXResourcesBuildPhase section */

/* Begin PBXSourcesBuildPhase section */
		D6EB3E1E21E73A7F0039F0B3 /* Sources */ = {
			isa = PBXSourcesBuildPhase;
			buildActionMask = 2147483647;
			files = (
				D6EB3E2E21E73A7F0039F0B3 /* SelfSizingFoLabel.xcdatamodeld in Sources */,
				D6EB3E2821E73A7F0039F0B3 /* ViewController.swift in Sources */,
				D6EB3E2621E73A7F0039F0B3 /* AppDelegate.swift in Sources */,
			);
			runOnlyForDeploymentPostprocessing = 0;
		};
		D6EB3E3521E73A890039F0B3 /* Sources */ = {
			isa = PBXSourcesBuildPhase;
			buildActionMask = 2147483647;
			files = (
				D6EB3E3E21E73A890039F0B3 /* SelfSizingFoLabelTests.swift in Sources */,
			);
			runOnlyForDeploymentPostprocessing = 0;
		};
		D6EB3E4021E73A890039F0B3 /* Sources */ = {
			isa = PBXSourcesBuildPhase;
			buildActionMask = 2147483647;
			files = (
				D6EB3E4921E73A890039F0B3 /* SelfSizingFoLabelUITests.swift in Sources */,
			);
			runOnlyForDeploymentPostprocessing = 0;
		};
/* End PBXSourcesBuildPhase section */

/* Begin PBXTargetDependency section */
		D6EB3E3B21E73A890039F0B3 /* PBXTargetDependency */ = {
			isa = PBXTargetDependency;
			target = D6EB3E2121E73A7F0039F0B3 /* SelfSizingFoLabel */;
			targetProxy = D6EB3E3A21E73A890039F0B3 /* PBXContainerItemProxy */;
		};
		D6EB3E4621E73A890039F0B3 /* PBXTargetDependency */ = {
			isa = PBXTargetDependency;
			target = D6EB3E2121E73A7F0039F0B3 /* SelfSizingFoLabel */;
			targetProxy = D6EB3E4521E73A890039F0B3 /* PBXContainerItemProxy */;
		};
/* End PBXTargetDependency section */

/* Begin PBXVariantGroup section */
		D6EB3E2921E73A7F0039F0B3 /* Main.storyboard */ = {
			isa = PBXVariantGroup;
			children = (
				D6EB3E2A21E73A7F0039F0B3 /* Base */,
			);
			name = Main.storyboard;
			sourceTree = "<group>";
		};
		D6EB3E3121E73A890039F0B3 /* LaunchScreen.storyboard */ = {
			isa = PBXVariantGroup;
			children = (
				D6EB3E3221E73A890039F0B3 /* Base */,
			);
			name = LaunchScreen.storyboard;
			sourceTree = "<group>";
		};
/* End PBXVariantGroup section */

/* Begin XCBuildConfiguration section */
		D6EB3E4B21E73A890039F0B3 /* Debug */ = {
			isa = XCBuildConfiguration;
			buildSettings = {
				ALWAYS_SEARCH_USER_PATHS = NO;
				CLANG_ANALYZER_NONNULL = YES;
				CLANG_ANALYZER_NUMBER_OBJECT_CONVERSION = YES_AGGRESSIVE;
				CLANG_CXX_LANGUAGE_STANDARD = "gnu++14";
				CLANG_CXX_LIBRARY = "libc++";
				CLANG_ENABLE_MODULES = YES;
				CLANG_ENABLE_OBJC_ARC = YES;
				CLANG_ENABLE_OBJC_WEAK = YES;
				CLANG_WARN_BLOCK_CAPTURE_AUTORELEASING = YES;
				CLANG_WARN_BOOL_CONVERSION = YES;
				CLANG_WARN_COMMA = YES;
				CLANG_WARN_CONSTANT_CONVERSION = YES;
				CLANG_WARN_DEPRECATED_OBJC_IMPLEMENTATIONS = YES;
				CLANG_WARN_DIRECT_OBJC_ISA_USAGE = YES_ERROR;
				CLANG_WARN_DOCUMENTATION_COMMENTS = YES;
				CLANG_WARN_EMPTY_BODY = YES;
				CLANG_WARN_ENUM_CONVERSION = YES;
				CLANG_WARN_INFINITE_RECURSION = YES;
				CLANG_WARN_INT_CONVERSION = YES;
				CLANG_WARN_NON_LITERAL_NULL_CONVERSION = YES;
				CLANG_WARN_OBJC_IMPLICIT_RETAIN_SELF = YES;
				CLANG_WARN_OBJC_LITERAL_CONVERSION = YES;
				CLANG_WARN_OBJC_ROOT_CLASS = YES_ERROR;
				CLANG_WARN_RANGE_LOOP_ANALYSIS = YES;
				CLANG_WARN_STRICT_PROTOTYPES = YES;
				CLANG_WARN_SUSPICIOUS_MOVE = YES;
				CLANG_WARN_UNGUARDED_AVAILABILITY = YES_AGGRESSIVE;
				CLANG_WARN_UNREACHABLE_CODE = YES;
				CLANG_WARN__DUPLICATE_METHOD_MATCH = YES;
				CODE_SIGN_IDENTITY = "iPhone Developer";
				COPY_PHASE_STRIP = NO;
				DEBUG_INFORMATION_FORMAT = dwarf;
				ENABLE_STRICT_OBJC_MSGSEND = YES;
				ENABLE_TESTABILITY = YES;
				GCC_C_LANGUAGE_STANDARD = gnu11;
				GCC_DYNAMIC_NO_PIC = NO;
				GCC_NO_COMMON_BLOCKS = YES;
				GCC_OPTIMIZATION_LEVEL = 0;
				GCC_PREPROCESSOR_DEFINITIONS = (
					"DEBUG=1",
					"$(inherited)",
				);
				GCC_WARN_64_TO_32_BIT_CONVERSION = YES;
				GCC_WARN_ABOUT_RETURN_TYPE = YES_ERROR;
				GCC_WARN_UNDECLARED_SELECTOR = YES;
				GCC_WARN_UNINITIALIZED_AUTOS = YES_AGGRESSIVE;
				GCC_WARN_UNUSED_FUNCTION = YES;
				GCC_WARN_UNUSED_VARIABLE = YES;
				IPHONEOS_DEPLOYMENT_TARGET = 12.1;
				MTL_ENABLE_DEBUG_INFO = INCLUDE_SOURCE;
				MTL_FAST_MATH = YES;
				ONLY_ACTIVE_ARCH = YES;
				SDKROOT = iphoneos;
				SWIFT_ACTIVE_COMPILATION_CONDITIONS = DEBUG;
				SWIFT_OPTIMIZATION_LEVEL = "-Onone";
			};
			name = Debug;
		};
		D6EB3E4C21E73A890039F0B3 /* Release */ = {
			isa = XCBuildConfiguration;
			buildSettings = {
				ALWAYS_SEARCH_USER_PATHS = NO;
				CLANG_ANALYZER_NONNULL = YES;
				CLANG_ANALYZER_NUMBER_OBJECT_CONVERSION = YES_AGGRESSIVE;
				CLANG_CXX_LANGUAGE_STANDARD = "gnu++14";
				CLANG_CXX_LIBRARY = "libc++";
				CLANG_ENABLE_MODULES = YES;
				CLANG_ENABLE_OBJC_ARC = YES;
				CLANG_ENABLE_OBJC_WEAK = YES;
				CLANG_WARN_BLOCK_CAPTURE_AUTORELEASING = YES;
				CLANG_WARN_BOOL_CONVERSION = YES;
				CLANG_WARN_COMMA = YES;
				CLANG_WARN_CONSTANT_CONVERSION = YES;
				CLANG_WARN_DEPRECATED_OBJC_IMPLEMENTATIONS = YES;
				CLANG_WARN_DIRECT_OBJC_ISA_USAGE = YES_ERROR;
				CLANG_WARN_DOCUMENTATION_COMMENTS = YES;
				CLANG_WARN_EMPTY_BODY = YES;
				CLANG_WARN_ENUM_CONVERSION = YES;
				CLANG_WARN_INFINITE_RECURSION = YES;
				CLANG_WARN_INT_CONVERSION = YES;
				CLANG_WARN_NON_LITERAL_NULL_CONVERSION = YES;
				CLANG_WARN_OBJC_IMPLICIT_RETAIN_SELF = YES;
				CLANG_WARN_OBJC_LITERAL_CONVERSION = YES;
				CLANG_WARN_OBJC_ROOT_CLASS = YES_ERROR;
				CLANG_WARN_RANGE_LOOP_ANALYSIS = YES;
				CLANG_WARN_STRICT_PROTOTYPES = YES;
				CLANG_WARN_SUSPICIOUS_MOVE = YES;
				CLANG_WARN_UNGUARDED_AVAILABILITY = YES_AGGRESSIVE;
				CLANG_WARN_UNREACHABLE_CODE = YES;
				CLANG_WARN__DUPLICATE_METHOD_MATCH = YES;
				CODE_SIGN_IDENTITY = "iPhone Developer";
				COPY_PHASE_STRIP = NO;
				DEBUG_INFORMATION_FORMAT = "dwarf-with-dsym";
				ENABLE_NS_ASSERTIONS = NO;
				ENABLE_STRICT_OBJC_MSGSEND = YES;
				GCC_C_LANGUAGE_STANDARD = gnu11;
				GCC_NO_COMMON_BLOCKS = YES;
				GCC_WARN_64_TO_32_BIT_CONVERSION = YES;
				GCC_WARN_ABOUT_RETURN_TYPE = YES_ERROR;
				GCC_WARN_UNDECLARED_SELECTOR = YES;
				GCC_WARN_UNINITIALIZED_AUTOS = YES_AGGRESSIVE;
				GCC_WARN_UNUSED_FUNCTION = YES;
				GCC_WARN_UNUSED_VARIABLE = YES;
				IPHONEOS_DEPLOYMENT_TARGET = 12.1;
				MTL_ENABLE_DEBUG_INFO = NO;
				MTL_FAST_MATH = YES;
				SDKROOT = iphoneos;
				SWIFT_COMPILATION_MODE = wholemodule;
				SWIFT_OPTIMIZATION_LEVEL = "-O";
				VALIDATE_PRODUCT = YES;
			};
			name = Release;
		};
		D6EB3E4E21E73A890039F0B3 /* Debug */ = {
			isa = XCBuildConfiguration;
			buildSettings = {
				ASSETCATALOG_COMPILER_APPICON_NAME = AppIcon;
				CODE_SIGN_STYLE = Automatic;
				DEVELOPMENT_TEAM = Z74PX5HE8C;
				INFOPLIST_FILE = SelfSizingFoLabel/Info.plist;
				LD_RUNPATH_SEARCH_PATHS = (
					"$(inherited)",
					"@executable_path/Frameworks",
				);
				PRODUCT_BUNDLE_IDENTIFIER = LetMeCall.SelfSizingFoLabel;
				PRODUCT_NAME = "$(TARGET_NAME)";
				SWIFT_VERSION = 4.2;
				TARGETED_DEVICE_FAMILY = "1,2";
			};
			name = Debug;
		};
		D6EB3E4F21E73A890039F0B3 /* Release */ = {
			isa = XCBuildConfiguration;
			buildSettings = {
				ASSETCATALOG_COMPILER_APPICON_NAME = AppIcon;
				CODE_SIGN_STYLE = Automatic;
				DEVELOPMENT_TEAM = Z74PX5HE8C;
				INFOPLIST_FILE = SelfSizingFoLabel/Info.plist;
				LD_RUNPATH_SEARCH_PATHS = (
					"$(inherited)",
					"@executable_path/Frameworks",
				);
				PRODUCT_BUNDLE_IDENTIFIER = LetMeCall.SelfSizingFoLabel;
				PRODUCT_NAME = "$(TARGET_NAME)";
				SWIFT_VERSION = 4.2;
				TARGETED_DEVICE_FAMILY = "1,2";
			};
			name = Release;
		};
		D6EB3E5121E73A890039F0B3 /* Debug */ = {
			isa = XCBuildConfiguration;
			buildSettings = {
				ALWAYS_EMBED_SWIFT_STANDARD_LIBRARIES = YES;
				BUNDLE_LOADER = "$(TEST_HOST)";
				CODE_SIGN_STYLE = Automatic;
				INFOPLIST_FILE = SelfSizingFoLabelTests/Info.plist;
				LD_RUNPATH_SEARCH_PATHS = (
					"$(inherited)",
					"@executable_path/Frameworks",
					"@loader_path/Frameworks",
				);
				PRODUCT_BUNDLE_IDENTIFIER = LetMeCall.SelfSizingFoLabelTests;
				PRODUCT_NAME = "$(TARGET_NAME)";
				SWIFT_VERSION = 4.2;
				TARGETED_DEVICE_FAMILY = "1,2";
				TEST_HOST = "$(BUILT_PRODUCTS_DIR)/SelfSizingFoLabel.app/SelfSizingFoLabel";
			};
			name = Debug;
		};
		D6EB3E5221E73A890039F0B3 /* Release */ = {
			isa = XCBuildConfiguration;
			buildSettings = {
				ALWAYS_EMBED_SWIFT_STANDARD_LIBRARIES = YES;
				BUNDLE_LOADER = "$(TEST_HOST)";
				CODE_SIGN_STYLE = Automatic;
				INFOPLIST_FILE = SelfSizingFoLabelTests/Info.plist;
				LD_RUNPATH_SEARCH_PATHS = (
					"$(inherited)",
					"@executable_path/Frameworks",
					"@loader_path/Frameworks",
				);
				PRODUCT_BUNDLE_IDENTIFIER = LetMeCall.SelfSizingFoLabelTests;
				PRODUCT_NAME = "$(TARGET_NAME)";
				SWIFT_VERSION = 4.2;
				TARGETED_DEVICE_FAMILY = "1,2";
				TEST_HOST = "$(BUILT_PRODUCTS_DIR)/SelfSizingFoLabel.app/SelfSizingFoLabel";
			};
			name = Release;
		};
		D6EB3E5421E73A890039F0B3 /* Debug */ = {
			isa = XCBuildConfiguration;
			buildSettings = {
				ALWAYS_EMBED_SWIFT_STANDARD_LIBRARIES = YES;
				CODE_SIGN_STYLE = Automatic;
				INFOPLIST_FILE = SelfSizingFoLabelUITests/Info.plist;
				LD_RUNPATH_SEARCH_PATHS = (
					"$(inherited)",
					"@executable_path/Frameworks",
					"@loader_path/Frameworks",
				);
				PRODUCT_BUNDLE_IDENTIFIER = LetMeCall.SelfSizingFoLabelUITests;
				PRODUCT_NAME = "$(TARGET_NAME)";
				SWIFT_VERSION = 4.2;
				TARGETED_DEVICE_FAMILY = "1,2";
				TEST_TARGET_NAME = SelfSizingFoLabel;
			};
			name = Debug;
		};
		D6EB3E5521E73A890039F0B3 /* Release */ = {
			isa = XCBuildConfiguration;
			buildSettings = {
				ALWAYS_EMBED_SWIFT_STANDARD_LIBRARIES = YES;
				CODE_SIGN_STYLE = Automatic;
				INFOPLIST_FILE = SelfSizingFoLabelUITests/Info.plist;
				LD_RUNPATH_SEARCH_PATHS = (
					"$(inherited)",
					"@executable_path/Frameworks",
					"@loader_path/Frameworks",
				);
				PRODUCT_BUNDLE_IDENTIFIER = LetMeCall.SelfSizingFoLabelUITests;
				PRODUCT_NAME = "$(TARGET_NAME)";
				SWIFT_VERSION = 4.2;
				TARGETED_DEVICE_FAMILY = "1,2";
				TEST_TARGET_NAME = SelfSizingFoLabel;
			};
			name = Release;
		};
/* End XCBuildConfiguration section */

/* Begin XCConfigurationList section */
		D6EB3E1D21E73A7F0039F0B3 /* Build configuration list for PBXProject "SelfSizingFoLabel" */ = {
			isa = XCConfigurationList;
			buildConfigurations = (
				D6EB3E4B21E73A890039F0B3 /* Debug */,
				D6EB3E4C21E73A890039F0B3 /* Release */,
			);
			defaultConfigurationIsVisible = 0;
			defaultConfigurationName = Release;
		};
		D6EB3E4D21E73A890039F0B3 /* Build configuration list for PBXNativeTarget "SelfSizingFoLabel" */ = {
			isa = XCConfigurationList;
			buildConfigurations = (
				D6EB3E4E21E73A890039F0B3 /* Debug */,
				D6EB3E4F21E73A890039F0B3 /* Release */,
			);
			defaultConfigurationIsVisible = 0;
			defaultConfigurationName = Release;
		};
		D6EB3E5021E73A890039F0B3 /* Build configuration list for PBXNativeTarget "SelfSizingFoLabelTests" */ = {
			isa = XCConfigurationList;
			buildConfigurations = (
				D6EB3E5121E73A890039F0B3 /* Debug */,
				D6EB3E5221E73A890039F0B3 /* Release */,
			);
			defaultConfigurationIsVisible = 0;
			defaultConfigurationName = Release;
		};
		D6EB3E5321E73A890039F0B3 /* Build configuration list for PBXNativeTarget "SelfSizingFoLabelUITests" */ = {
			isa = XCConfigurationList;
			buildConfigurations = (
				D6EB3E5421E73A890039F0B3 /* Debug */,
				D6EB3E5521E73A890039F0B3 /* Release */,
			);
			defaultConfigurationIsVisible = 0;
			defaultConfigurationName = Release;
		};
/* End XCConfigurationList section */

/* Begin XCVersionGroup section */
		D6EB3E2C21E73A7F0039F0B3 /* SelfSizingFoLabel.xcdatamodeld */ = {
			isa = XCVersionGroup;
			children = (
				D6EB3E2D21E73A7F0039F0B3 /* SelfSizingFoLabel.xcdatamodel */,
			);
			currentVersion = D6EB3E2D21E73A7F0039F0B3 /* SelfSizingFoLabel.xcdatamodel */;
			path = SelfSizingFoLabel.xcdatamodeld;
			sourceTree = "<group>";
			versionGroupType = wrapper.xcdatamodel;
		};
/* End XCVersionGroup section */
	};
	rootObject = D6EB3E1A21E73A7F0039F0B3 /* Project object */;
}
